
Microsoft Visual Studio Solution File, Format Version 12.00
# Visual Studio Version 17
VisualStudioVersion = 17.3.32901.215
MinimumVisualStudioVersion = 10.0.40219.1
Project("{FAE04EC0-301F-11D3-BF4B-00C04F79EFBC}") = "MasterDetailsPracticeNew", "MasterDetailsPracticeNew\MasterDetailsPracticeNew.csproj", "{6758A2FE-95D5-456E-9867-BDFFAAD45028}"
EndProject
Global
	GlobalSection(SolutionConfigurationPlatforms) = preSolution
		Debug|Any CPU = Debug|Any CPU
		Release|Any CPU = Release|Any CPU
	EndGlobalSection
	GlobalSection(ProjectConfigurationPlatforms) = postSolution
		{6758A2FE-95D5-456E-9867-BDFFAAD45028}.Debug|Any CPU.ActiveCfg = Debug|Any CPU
		{6758A2FE-95D5-456E-9867-BDFFAAD45028}.Debug|Any CPU.Build.0 = Debug|Any CPU
		{6758A2FE-95D5-456E-9867-BDFFAAD45028}.Release|Any CPU.ActiveCfg = Release|Any CPU
		{6758A2FE-95D5-456E-9867-BDFFAAD45028}.Release|Any CPU.Build.0 = Release|Any CPU
	EndGlobalSection
	GlobalSection(SolutionProperties) = preSolution
		HideSolutionNode = FALSE
	EndGlobalSection
	GlobalSection(ExtensibilityGlobals) = postSolution
		SolutionGuid = {B7ED0D78-3217-49AE-86C8-5933418C2223}
	EndGlobalSection
EndGlobal
